<?xml version="1.0" encoding="utf-8"?>
<Project ToolsVersion="4.0" xmlns="http://schemas.microsoft.com/developer/msbuild/2003">
  <ItemGroup>
    <Filter Include="Source Files">
      <UniqueIdentifier>{4FC737F1-C7A5-4376-A066-2A32D752A2FF}</UniqueIdentifier>
      <Extensions>cpp;c;cc;cxx;def;odl;idl;hpj;bat;asm;asmx</Extensions>
    </Filter>
    <Filter Include="Header Files">
      <UniqueIdentifier>{93995380-89BD-4b04-88EB-625FBE52EBFB}</UniqueIdentifier>
      <Extensions>h;hpp;hxx;hm;inl;inc;xsd</Extensions>
    </Filter>
    <Filter Include="Resource Files">
      <UniqueIdentifier>{67DA6AB6-F800-4c08-8B7A-83BB121AAD01}</UniqueIdentifier>
      <Extensions>rc;ico;cur;bmp;dlg;rc2;rct;bin;rgs;gif;jpg;jpeg;jpe;resx;tiff;tif;png;wav;mfcribbon-ms</Extensions>
    </Filter>
  </ItemGroup>
  <ItemGroup>
    <ClInclude Include="Logic\cmdAdd.h">
      <Filter>Header Files</Filter>
    </ClInclude>
    <ClInclude Include="Logic\cmdChangeDirectory.h">
      <Filter>Header Files</Filter>
    </ClInclude>
    <ClInclude Include="Logic\cmdClear.h">
      <Filter>Header Files</Filter>
    </ClInclude>
    <ClInclude Include="Logic\cmdDelete.h">
      <Filter>Header Files</Filter>
    </ClInclude>
    <ClInclude Include="Logic\cmdDisplay.h">
      <Filter>Header Files</Filter>
    </ClInclude>
    <ClInclude Include="Logic\cmdHelp.h">
      <Filter>Header Files</Filter>
    </ClInclude>
    <ClInclude Include="Logic\cmdMarkAsDone.h">
      <Filter>Header Files</Filter>
    </ClInclude>
    <ClInclude Include="Logic\cmdRepeat.h">
      <Filter>Header Files</Filter>
    </ClInclude>
    <ClInclude Include="Logic\cmdRepeatParser.h">
      <Filter>Header Files</Filter>
    </ClInclude>
    <ClInclude Include="Logic\cmdSearch.h">
      <Filter>Header Files</Filter>
    </ClInclude>
    <ClInclude Include="Logic\cmdUndo.h">
      <Filter>Header Files</Filter>
    </ClInclude>
    <ClInclude Include="Logic\cmdUpdate.h">
      <Filter>Header Files</Filter>
    </ClInclude>
    <ClInclude Include="Logic\logic.h">
      <Filter>Header Files</Filter>
    </ClInclude>
    <ClInclude Include="Logic\logicBaseClass.h">
      <Filter>Header Files</Filter>
    </ClInclude>
    <ClInclude Include="Paser\Parser.h">
      <Filter>Header Files</Filter>
    </ClInclude>
    <ClInclude Include="Paser\VerificationDateTimeMonth.h">
      <Filter>Header Files</Filter>
    </ClInclude>
    <ClInclude Include="Storage\Event.h">
      <Filter>Header Files</Filter>
    </ClInclude>
    <ClInclude Include="Storage\Eventlist.h">
      <Filter>Header Files</Filter>
    </ClInclude>
    <ClInclude Include="Storage\findNextDate.h">
      <Filter>Header Files</Filter>
    </ClInclude>
    <ClInclude Include="Storage\Storage.h">
      <Filter>Header Files</Filter>
    </ClInclude>
    <ClInclude Include="UI\UI.h">
      <Filter>Header Files</Filter>
    </ClInclude>
    <ClInclude Include="UI\VerificationCommand.h">
      <Filter>Header Files</Filter>
    </ClInclude>
  </ItemGroup>
  <ItemGroup>
    <ClCompile Include="Logic\cmdAdd.cpp">
      <Filter>Source Files</Filter>
    </ClCompile>
    <ClCompile Include="Logic\cmdChangeDirectory.cpp">
      <Filter>Source Files</Filter>
    </ClCompile>
    <ClCompile Include="Logic\cmdClear.cpp">
      <Filter>Source Files</Filter>
    </ClCompile>
    <ClCompile Include="Logic\cmdDelete.cpp">
      <Filter>Source Files</Filter>
    </ClCompile>
    <ClCompile Include="Logic\cmdDisplay.cpp">
      <Filter>Source Files</Filter>
    </ClCompile>
    <ClCompile Include="Logic\cmdHelp.cpp">
      <Filter>Source Files</Filter>
    </ClCompile>
    <ClCompile Include="Logic\cmdMarkAsDone.cpp">
      <Filter>Source Files</Filter>
    </ClCompile>
    <ClCompile Include="Logic\cmdRepeat.cpp">
      <Filter>Source Files</Filter>
    </ClCompile>
    <ClCompile Include="Logic\cmdRepeatParser.cpp">
      <Filter>Source Files</Filter>
    </ClCompile>
    <ClCompile Include="Logic\cmdSearch.cpp">
      <Filter>Source Files</Filter>
    </ClCompile>
    <ClCompile Include="Logic\cmdUndo.cpp">
      <Filter>Source Files</Filter>
    </ClCompile>
    <ClCompile Include="Logic\cmdUpdate.cpp">
      <Filter>Source Files</Filter>
    </ClCompile>
    <ClCompile Include="Logic\logic.cpp">
      <Filter>Source Files</Filter>
    </ClCompile>
    <ClCompile Include="Logic\logicBaseClass.cpp">
      <Filter>Source Files</Filter>
    </ClCompile>
    <ClCompile Include="Paser\Parser.cpp">
      <Filter>Source Files</Filter>
    </ClCompile>
    <ClCompile Include="Paser\VerificationDateTimeMonth.cpp">
      <Filter>Source Files</Filter>
    </ClCompile>
    <ClCompile Include="Storage\Event.cpp">
      <Filter>Source Files</Filter>
    </ClCompile>
    <ClCompile Include="Storage\Eventlist.cpp">
      <Filter>Source Files</Filter>
    </ClCompile>
    <ClCompile Include="Storage\findNextDate.cpp">
      <Filter>Source Files</Filter>
    </ClCompile>
    <ClCompile Include="Storage\Storage.cpp">
      <Filter>Source Files</Filter>
    </ClCompile>
    <ClCompile Include="main.cpp">
      <Filter>Source Files</Filter>
    </ClCompile>
    <ClCompile Include="UI\UI.cpp">
      <Filter>Source Files</Filter>
    </ClCompile>
    <ClCompile Include="UI\VerificationCommand.cpp">
      <Filter>Source Files</Filter>
    </ClCompile>
  </ItemGroup>
</Project>